// !$*UTF8*$!
{
	archiveVersion = 1;
	classes = {
	};
	objectVersion = 46;
	objects = {

/* Begin PBXBuildFile section */
		651138DE1A4F77BC00A351F5 /* AppDelegate.swift in Sources */ = {isa = PBXBuildFile; fileRef = 651138DD1A4F77BC00A351F5 /* AppDelegate.swift */; };
		651138E01A4F77BC00A351F5 /* ViewController.swift in Sources */ = {isa = PBXBuildFile; fileRef = 651138DF1A4F77BC00A351F5 /* ViewController.swift */; };
		651138E31A4F77BC00A351F5 /* Main.storyboard in Resources */ = {isa = PBXBuildFile; fileRef = 651138E11A4F77BC00A351F5 /* Main.storyboard */; };
		651138E81A4F77BC00A351F5 /* LaunchScreen.xib in Resources */ = {isa = PBXBuildFile; fileRef = 651138E61A4F77BC00A351F5 /* LaunchScreen.xib */; };
		651138F41A4F77BC00A351F5 /* FlickrSearchTests.swift in Sources */ = {isa = PBXBuildFile; fileRef = 651138F31A4F77BC00A351F5 /* FlickrSearchTests.swift */; };
		651138FE1A4F7DEA00A351F5 /* FlickrPhotosController.swift in Sources */ = {isa = PBXBuildFile; fileRef = 651138FD1A4F7DEA00A351F5 /* FlickrPhotosController.swift */; };
		651139001A4F82A300A351F5 /* FlickrSearcher.swift in Sources */ = {isa = PBXBuildFile; fileRef = 651138FF1A4F82A300A351F5 /* FlickrSearcher.swift */; };
		656132971A4F8E6A0036689C /* FlickrPhotoCell.swift in Sources */ = {isa = PBXBuildFile; fileRef = 656132961A4F8E6A0036689C /* FlickrPhotoCell.swift */; };
		6561329B1A4F927C0036689C /* Media.xcassets in Resources */ = {isa = PBXBuildFile; fileRef = 6561329A1A4F927C0036689C /* Media.xcassets */; };
		6561329D1A4FA8280036689C /* FlickrPhotoHeaderView.swift in Sources */ = {isa = PBXBuildFile; fileRef = 6561329C1A4FA8280036689C /* FlickrPhotoHeaderView.swift */; };
/* End PBXBuildFile section */

/* Begin PBXContainerItemProxy section */
		651138EE1A4F77BC00A351F5 /* PBXContainerItemProxy */ = {
			isa = PBXContainerItemProxy;
			containerPortal = 651138D01A4F77BC00A351F5 /* Project object */;
			proxyType = 1;
			remoteGlobalIDString = 651138D71A4F77BC00A351F5;
			remoteInfo = FlickrSearch;
		};
/* End PBXContainerItemProxy section */

/* Begin PBXFileReference section */
		651138D81A4F77BC00A351F5 /* FlickrSearch.app */ = {isa = PBXFileReference; explicitFileType = wrapper.application; includeInIndex = 0; path = FlickrSearch.app; sourceTree = BUILT_PRODUCTS_DIR; };
		651138DC1A4F77BC00A351F5 /* Info.plist */ = {isa = PBXFileReference; lastKnownFileType = text.plist.xml; path = Info.plist; sourceTree = "<group>"; };
		651138DD1A4F77BC00A351F5 /* AppDelegate.swift */ = {isa = PBXFileReference; lastKnownFileType = sourcecode.swift; path = AppDelegate.swift; sourceTree = "<group>"; };
		651138DF1A4F77BC00A351F5 /* ViewController.swift */ = {isa = PBXFileReference; lastKnownFileType = sourcecode.swift; path = ViewController.swift; sourceTree = "<group>"; };
		651138E21A4F77BC00A351F5 /* Base */ = {isa = PBXFileReference; lastKnownFileType = file.storyboard; name = Base; path = Base.lproj/Main.storyboard; sourceTree = "<group>"; };
		651138E71A4F77BC00A351F5 /* Base */ = {isa = PBXFileReference; lastKnownFileType = file.xib; name = Base; path = Base.lproj/LaunchScreen.xib; sourceTree = "<group>"; };
		651138ED1A4F77BC00A351F5 /* FlickrSearchTests.xctest */ = {isa = PBXFileReference; explicitFileType = wrapper.cfbundle; includeInIndex = 0; path = FlickrSearchTests.xctest; sourceTree = BUILT_PRODUCTS_DIR; };
		651138F21A4F77BC00A351F5 /* Info.plist */ = {isa = PBXFileReference; lastKnownFileType = text.plist.xml; path = Info.plist; sourceTree = "<group>"; };
		651138F31A4F77BC00A351F5 /* FlickrSearchTests.swift */ = {isa = PBXFileReference; lastKnownFileType = sourcecode.swift; path = FlickrSearchTests.swift; sourceTree = "<group>"; };
		651138FD1A4F7DEA00A351F5 /* FlickrPhotosController.swift */ = {isa = PBXFileReference; fileEncoding = 4; lastKnownFileType = sourcecode.swift; path = FlickrPhotosController.swift; sourceTree = "<group>"; };
		651138FF1A4F82A300A351F5 /* FlickrSearcher.swift */ = {isa = PBXFileReference; fileEncoding = 4; lastKnownFileType = sourcecode.swift; path = FlickrSearcher.swift; sourceTree = "<group>"; };
		656132961A4F8E6A0036689C /* FlickrPhotoCell.swift */ = {isa = PBXFileReference; fileEncoding = 4; lastKnownFileType = sourcecode.swift; path = FlickrPhotoCell.swift; sourceTree = "<group>"; };
		6561329A1A4F927C0036689C /* Media.xcassets */ = {isa = PBXFileReference; lastKnownFileType = folder.assetcatalog; path = Media.xcassets; sourceTree = "<group>"; };
		6561329C1A4FA8280036689C /* FlickrPhotoHeaderView.swift */ = {isa = PBXFileReference; fileEncoding = 4; lastKnownFileType = sourcecode.swift; name = FlickrPhotoHeaderView.swift; path = ../FlickrPhotoHeaderView.swift; sourceTree = "<group>"; };
/* End PBXFileReference section */

/* Begin PBXFrameworksBuildPhase section */
		651138D51A4F77BC00A351F5 /* Frameworks */ = {
			isa = PBXFrameworksBuildPhase;
			buildActionMask = 2147483647;
			files = (
			);
			runOnlyForDeploymentPostprocessing = 0;
		};
		651138EA1A4F77BC00A351F5 /* Frameworks */ = {
			isa = PBXFrameworksBuildPhase;
			buildActionMask = 2147483647;
			files = (
			);
			runOnlyForDeploymentPostprocessing = 0;
		};
/* End PBXFrameworksBuildPhase section */

/* Begin PBXGroup section */
		651138CF1A4F77BC00A351F5 = {
			isa = PBXGroup;
			children = (
				651138DA1A4F77BC00A351F5 /* FlickrSearch */,
				651138F01A4F77BC00A351F5 /* FlickrSearchTests */,
				651138D91A4F77BC00A351F5 /* Products */,
			);
			sourceTree = "<group>";
		};
		651138D91A4F77BC00A351F5 /* Products */ = {
			isa = PBXGroup;
			children = (
				651138D81A4F77BC00A351F5 /* FlickrSearch.app */,
				651138ED1A4F77BC00A351F5 /* FlickrSearchTests.xctest */,
			);
			name = Products;
			sourceTree = "<group>";
		};
		651138DA1A4F77BC00A351F5 /* FlickrSearch */ = {
			isa = PBXGroup;
			children = (
				6561329C1A4FA8280036689C /* FlickrPhotoHeaderView.swift */,
				6561329A1A4F927C0036689C /* Media.xcassets */,
				651138DD1A4F77BC00A351F5 /* AppDelegate.swift */,
				651138FF1A4F82A300A351F5 /* FlickrSearcher.swift */,
				651138DF1A4F77BC00A351F5 /* ViewController.swift */,
				651138E11A4F77BC00A351F5 /* Main.storyboard */,
				656132961A4F8E6A0036689C /* FlickrPhotoCell.swift */,
				651138FD1A4F7DEA00A351F5 /* FlickrPhotosController.swift */,
				651138E61A4F77BC00A351F5 /* LaunchScreen.xib */,
				651138DB1A4F77BC00A351F5 /* Supporting Files */,
			);
			path = FlickrSearch;
			sourceTree = "<group>";
		};
		651138DB1A4F77BC00A351F5 /* Supporting Files */ = {
			isa = PBXGroup;
			children = (
				651138DC1A4F77BC00A351F5 /* Info.plist */,
			);
			name = "Supporting Files";
			sourceTree = "<group>";
		};
		651138F01A4F77BC00A351F5 /* FlickrSearchTests */ = {
			isa = PBXGroup;
			children = (
				651138F31A4F77BC00A351F5 /* FlickrSearchTests.swift */,
				651138F11A4F77BC00A351F5 /* Supporting Files */,
			);
			path = FlickrSearchTests;
			sourceTree = "<group>";
		};
		651138F11A4F77BC00A351F5 /* Supporting Files */ = {
			isa = PBXGroup;
			children = (
				651138F21A4F77BC00A351F5 /* Info.plist */,
			);
			name = "Supporting Files";
			sourceTree = "<group>";
		};
/* End PBXGroup section */

/* Begin PBXNativeTarget section */
		651138D71A4F77BC00A351F5 /* FlickrSearch */ = {
			isa = PBXNativeTarget;
			buildConfigurationList = 651138F71A4F77BC00A351F5 /* Build configuration list for PBXNativeTarget "FlickrSearch" */;
			buildPhases = (
				651138D41A4F77BC00A351F5 /* Sources */,
				651138D51A4F77BC00A351F5 /* Frameworks */,
				651138D61A4F77BC00A351F5 /* Resources */,
			);
			buildRules = (
			);
			dependencies = (
			);
			name = FlickrSearch;
			productName = FlickrSearch;
			productReference = 651138D81A4F77BC00A351F5 /* FlickrSearch.app */;
			productType = "com.apple.product-type.application";
		};
		651138EC1A4F77BC00A351F5 /* FlickrSearchTests */ = {
			isa = PBXNativeTarget;
			buildConfigurationList = 651138FA1A4F77BC00A351F5 /* Build configuration list for PBXNativeTarget "FlickrSearchTests" */;
			buildPhases = (
				651138E91A4F77BC00A351F5 /* Sources */,
				651138EA1A4F77BC00A351F5 /* Frameworks */,
				651138EB1A4F77BC00A351F5 /* Resources */,
			);
			buildRules = (
			);
			dependencies = (
				651138EF1A4F77BC00A351F5 /* PBXTargetDependency */,
			);
			name = FlickrSearchTests;
			productName = FlickrSearchTests;
			productReference = 651138ED1A4F77BC00A351F5 /* FlickrSearchTests.xctest */;
			productType = "com.apple.product-type.bundle.unit-test";
		};
/* End PBXNativeTarget section */

/* Begin PBXProject section */
		651138D01A4F77BC00A351F5 /* Project object */ = {
			isa = PBXProject;
			attributes = {
				LastUpgradeCheck = 0610;
				ORGANIZATIONNAME = Crazy8Dev;
				TargetAttributes = {
					651138D71A4F77BC00A351F5 = {
						CreatedOnToolsVersion = 6.1.1;
					};
					651138EC1A4F77BC00A351F5 = {
						CreatedOnToolsVersion = 6.1.1;
						TestTargetID = 651138D71A4F77BC00A351F5;
					};
				};
			};
			buildConfigurationList = 651138D31A4F77BC00A351F5 /* Build configuration list for PBXProject "FlickrSearch" */;
			compatibilityVersion = "Xcode 3.2";
			developmentRegion = English;
			hasScannedForEncodings = 0;
			knownRegions = (
				en,
				Base,
			);
			mainGroup = 651138CF1A4F77BC00A351F5;
			productRefGroup = 651138D91A4F77BC00A351F5 /* Products */;
			projectDirPath = "";
			projectRoot = "";
			targets = (
				651138D71A4F77BC00A351F5 /* FlickrSearch */,
				651138EC1A4F77BC00A351F5 /* FlickrSearchTests */,
			);
		};
/* End PBXProject section */

/* Begin PBXResourcesBuildPhase section */
		651138D61A4F77BC00A351F5 /* Resources */ = {
			isa = PBXResourcesBuildPhase;
			buildActionMask = 2147483647;
			files = (
				651138E31A4F77BC00A351F5 /* Main.storyboard in Resources */,
				6561329B1A4F927C0036689C /* Media.xcassets in Resources */,
				651138E81A4F77BC00A351F5 /* LaunchScreen.xib in Resources */,
			);
			runOnlyForDeploymentPostprocessing = 0;
		};
		651138EB1A4F77BC00A351F5 /* Resources */ = {
			isa = PBXResourcesBuildPhase;
			buildActionMask = 2147483647;
			files = (
			);
			runOnlyForDeploymentPostprocessing = 0;
		};
/* End PBXResourcesBuildPhase section */

/* Begin PBXSourcesBuildPhase section */
		651138D41A4F77BC00A351F5 /* Sources */ = {
			isa = PBXSourcesBuildPhase;
			buildActionMask = 2147483647;
			files = (
				651138E01A4F77BC00A351F5 /* ViewController.swift in Sources */,
				6561329D1A4FA8280036689C /* FlickrPhotoHeaderView.swift in Sources */,
				651138DE1A4F77BC00A351F5 /* AppDelegate.swift in Sources */,
				656132971A4F8E6A0036689C /* FlickrPhotoCell.swift in Sources */,
				651138FE1A4F7DEA00A351F5 /* FlickrPhotosController.swift in Sources */,
				651139001A4F82A300A351F5 /* FlickrSearcher.swift in Sources */,
			);
			runOnlyForDeploymentPostprocessing = 0;
		};
		651138E91A4F77BC00A351F5 /* Sources */ = {
			isa = PBXSourcesBuildPhase;
			buildActionMask = 2147483647;
			files = (
				651138F41A4F77BC00A351F5 /* FlickrSearchTests.swift in Sources */,
			);
			runOnlyForDeploymentPostprocessing = 0;
		};
/* End PBXSourcesBuildPhase section */

/* Begin PBXTargetDependency section */
		651138EF1A4F77BC00A351F5 /* PBXTargetDependency */ = {
			isa = PBXTargetDependency;
			target = 651138D71A4F77BC00A351F5 /* FlickrSearch */;
			targetProxy = 651138EE1A4F77BC00A351F5 /* PBXContainerItemProxy */;
		};
/* End PBXTargetDependency section */

/* Begin PBXVariantGroup section */
		651138E11A4F77BC00A351F5 /* Main.storyboard */ = {
			isa = PBXVariantGroup;
			children = (
				651138E21A4F77BC00A351F5 /* Base */,
			);
			name = Main.storyboard;
			sourceTree = "<group>";
		};
		651138E61A4F77BC00A351F5 /* LaunchScreen.xib */ = {
			isa = PBXVariantGroup;
			children = (
				651138E71A4F77BC00A351F5 /* Base */,
			);
			name = LaunchScreen.xib;
			sourceTree = "<group>";
		};
/* End PBXVariantGroup section */

/* Begin XCBuildConfiguration section */
		651138F51A4F77BC00A351F5 /* Debug */ = {
			isa = XCBuildConfiguration;
			buildSettings = {
				ALWAYS_SEARCH_USER_PATHS = NO;
				CLANG_CXX_LANGUAGE_STANDARD = "gnu++0x";
				CLANG_CXX_LIBRARY = "libc++";
				CLANG_ENABLE_MODULES = YES;
				CLANG_ENABLE_OBJC_ARC = YES;
				CLANG_WARN_BOOL_CONVERSION = YES;
				CLANG_WARN_CONSTANT_CONVERSION = YES;
				CLANG_WARN_DIRECT_OBJC_ISA_USAGE = YES_ERROR;
				CLANG_WARN_EMPTY_BODY = YES;
				CLANG_WARN_ENUM_CONVERSION = YES;
				CLANG_WARN_INT_CONVERSION = YES;
				CLANG_WARN_OBJC_ROOT_CLASS = YES_ERROR;
				CLANG_WARN_UNREACHABLE_CODE = YES;
				CLANG_WARN__DUPLICATE_METHOD_MATCH = YES;
				"CODE_SIGN_IDENTITY[sdk=iphoneos*]" = "iPhone Developer";
				COPY_PHASE_STRIP = NO;
				ENABLE_STRICT_OBJC_MSGSEND = YES;
				GCC_C_LANGUAGE_STANDARD = gnu99;
				GCC_DYNAMIC_NO_PIC = NO;
				GCC_OPTIMIZATION_LEVEL = 0;
				GCC_PREPROCESSOR_DEFINITIONS = (
					"DEBUG=1",
					"$(inherited)",
				);
				GCC_SYMBOLS_PRIVATE_EXTERN = NO;
				GCC_WARN_64_TO_32_BIT_CONVERSION = YES;
				GCC_WARN_ABOUT_RETURN_TYPE = YES_ERROR;
				GCC_WARN_UNDECLARED_SELECTOR = YES;
				GCC_WARN_UNINITIALIZED_AUTOS = YES_AGGRESSIVE;
				GCC_WARN_UNUSED_FUNCTION = YES;
				GCC_WARN_UNUSED_VARIABLE = YES;
				IPHONEOS_DEPLOYMENT_TARGET = 8.1;
				MTL_ENABLE_DEBUG_INFO = YES;
				ONLY_ACTIVE_ARCH = YES;
				SDKROOT = iphoneos;
				SWIFT_OPTIMIZATION_LEVEL = "-Onone";
			};
			name = Debug;
		};
		651138F61A4F77BC00A351F5 /* Release */ = {
			isa = XCBuildConfiguration;
			buildSettings = {
				ALWAYS_SEARCH_USER_PATHS = NO;
				CLANG_CXX_LANGUAGE_STANDARD = "gnu++0x";
				CLANG_CXX_LIBRARY = "libc++";
				CLANG_ENABLE_MODULES = YES;
				CLANG_ENABLE_OBJC_ARC = YES;
				CLANG_WARN_BOOL_CONVERSION = YES;
				CLANG_WARN_CONSTANT_CONVERSION = YES;
				CLANG_WARN_DIRECT_OBJC_ISA_USAGE = YES_ERROR;
				CLANG_WARN_EMPTY_BODY = YES;
				CLANG_WARN_ENUM_CONVERSION = YES;
				CLANG_WARN_INT_CONVERSION = YES;
				CLANG_WARN_OBJC_ROOT_CLASS = YES_ERROR;
				CLANG_WARN_UNREACHABLE_CODE = YES;
				CLANG_WARN__DUPLICATE_METHOD_MATCH = YES;
				"CODE_SIGN_IDENTITY[sdk=iphoneos*]" = "iPhone Developer";
				COPY_PHASE_STRIP = YES;
				ENABLE_NS_ASSERTIONS = NO;
				ENABLE_STRICT_OBJC_MSGSEND = YES;
				GCC_C_LANGUAGE_STANDARD = gnu99;
				GCC_WARN_64_TO_32_BIT_CONVERSION = YES;
				GCC_WARN_ABOUT_RETURN_TYPE = YES_ERROR;
				GCC_WARN_UNDECLARED_SELECTOR = YES;
				GCC_WARN_UNINITIALIZED_AUTOS = YES_AGGRESSIVE;
				GCC_WARN_UNUSED_FUNCTION = YES;
				GCC_WARN_UNUSED_VARIABLE = YES;
				IPHONEOS_DEPLOYMENT_TARGET = 8.1;
				MTL_ENABLE_DEBUG_INFO = NO;
				SDKROOT = iphoneos;
				VALIDATE_PRODUCT = YES;
			};
			name = Release;
		};
		651138F81A4F77BC00A351F5 /* Debug */ = {
			isa = XCBuildConfiguration;
			buildSettings = {
				ASSETCATALOG_COMPILER_APPICON_NAME = AppIcon;
				ASSETCATALOG_COMPILER_LAUNCHIMAGE_NAME = LaunchImage;
				INFOPLIST_FILE = FlickrSearch/Info.plist;
				LD_RUNPATH_SEARCH_PATHS = "$(inherited) @executable_path/Frameworks";
				PRODUCT_NAME = "$(TARGET_NAME)";
				TARGETED_DEVICE_FAMILY = "1,2";
			};
			name = Debug;
		};
		651138F91A4F77BC00A351F5 /* Release */ = {
			isa = XCBuildConfiguration;
			buildSettings = {
				ASSETCATALOG_COMPILER_APPICON_NAME = AppIcon;
				ASSETCATALOG_COMPILER_LAUNCHIMAGE_NAME = LaunchImage;
				INFOPLIST_FILE = FlickrSearch/Info.plist;
				LD_RUNPATH_SEARCH_PATHS = "$(inherited) @executable_path/Frameworks";
				PRODUCT_NAME = "$(TARGET_NAME)";
				TARGETED_DEVICE_FAMILY = "1,2";
			};
			name = Release;
		};
		651138FB1A4F77BC00A351F5 /* Debug */ = {
			isa = XCBuildConfiguration;
			buildSettings = {
				BUNDLE_LOADER = "$(TEST_HOST)";
				FRAMEWORK_SEARCH_PATHS = (
					"$(SDKROOT)/Developer/Library/Frameworks",
					"$(inherited)",
				);
				GCC_PREPROCESSOR_DEFINITIONS = (
					"DEBUG=1",
					"$(inherited)",
				);
				INFOPLIST_FILE = FlickrSearchTests/Info.plist;
				LD_RUNPATH_SEARCH_PATHS = "$(inherited) @executable_path/Frameworks @loader_path/Frameworks";
				PRODUCT_NAME = "$(TARGET_NAME)";
				TEST_HOST = "$(BUILT_PRODUCTS_DIR)/FlickrSearch.app/FlickrSearch";
			};
			name = Debug;
		};
		651138FC1A4F77BC00A351F5 /* Release */ = {
			isa = XCBuildConfiguration;
			buildSettings = {
				BUNDLE_LOADER = "$(TEST_HOST)";
				FRAMEWORK_SEARCH_PATHS = (
					"$(SDKROOT)/Developer/Library/Frameworks",
					"$(inherited)",
				);
				INFOPLIST_FILE = FlickrSearchTests/Info.plist;
				LD_RUNPATH_SEARCH_PATHS = "$(inherited) @executable_path/Frameworks @loader_path/Frameworks";
				PRODUCT_NAME = "$(TARGET_NAME)";
				TEST_HOST = "$(BUILT_PRODUCTS_DIR)/FlickrSearch.app/FlickrSearch";
			};
			name = Release;
		};
/* End XCBuildConfiguration section */

/* Begin XCConfigurationList section */
		651138D31A4F77BC00A351F5 /* Build configuration list for PBXProject "FlickrSearch" */ = {
			isa = XCConfigurationList;
			buildConfigurations = (
				651138F51A4F77BC00A351F5 /* Debug */,
				651138F61A4F77BC00A351F5 /* Release */,
			);
			defaultConfigurationIsVisible = 0;
			defaultConfigurationName = Release;
		};
		651138F71A4F77BC00A351F5 /* Build configuration list for PBXNativeTarget "FlickrSearch" */ = {
			isa = XCConfigurationList;
			buildConfigurations = (
				651138F81A4F77BC00A351F5 /* Debug */,
				651138F91A4F77BC00A351F5 /* Release */,
			);
			defaultConfigurationIsVisible = 0;
			defaultConfigurationName = Release;
		};
		651138FA1A4F77BC00A351F5 /* Build configuration list for PBXNativeTarget "FlickrSearchTests" */ = {
			isa = XCConfigurationList;
			buildConfigurations = (
				651138FB1A4F77BC00A351F5 /* Debug */,
				651138FC1A4F77BC00A351F5 /* Release */,
			);
			defaultConfigurationIsVisible = 0;
			defaultConfigurationName = Release;
		};
/* End XCConfigurationList section */
	};
	rootObject = 651138D01A4F77BC00A351F5 /* Project object */;
}
